
Microsoft Visual Studio Solution File, Format Version 12.00
# Visual Studio 2013
VisualStudioVersion = 12.0.21005.1
MinimumVisualStudioVersion = 10.0.40219.1
Project("{2150E333-8FDC-42A3-9474-1A3956D46DE8}") = "0-Core", "0-Core", "{9D26DDAE-4384-4363-B087-4DFE3FBBE3A7}"
EndProject
Project("{2150E333-8FDC-42A3-9474-1A3956D46DE8}") = "1-Host", "1-Host", "{C6BFEEEA-70E8-49FD-8ABC-CCE8D6AC54A6}"
EndProject
Project("{2150E333-8FDC-42A3-9474-1A3956D46DE8}") = "2-Client", "2-Client", "{FE320B07-77C5-4711-A4EB-E8AC4E3BB2A3}"
EndProject
Project("{2150E333-8FDC-42A3-9474-1A3956D46DE8}") = "3-Test", "3-Test", "{164F61C5-1033-4142-A60D-A8F592EBCE94}"
EndProject
Project("{FAE04EC0-301F-11D3-BF4B-00C04F79EFBC}") = "DC.Domain", "0-Core\DC.Domain\DC.Domain.csproj", "{0AA62C49-BC3C-41CD-824F-9DC57E8CC0FA}"
EndProject
Project("{FAE04EC0-301F-11D3-BF4B-00C04F79EFBC}") = "DC.IService", "0-Core\DC.IService\DC.IService.csproj", "{63F5466C-CCCB-4AAB-AA8A-335E00D17D68}"
EndProject
Project("{FAE04EC0-301F-11D3-BF4B-00C04F79EFBC}") = "DC.Service", "0-Core\DC.Service\DC.Service.csproj", "{EF2E3F81-6536-49B9-B2B9-62EA17C89E6C}"
EndProject
Project("{FAE04EC0-301F-11D3-BF4B-00C04F79EFBC}") = "DC.Common", "0-Core\DC.Common\DC.Common.csproj", "{755C1350-7145-4FC0-892D-A3D6A78BE1CD}"
EndProject
Project("{FAE04EC0-301F-11D3-BF4B-00C04F79EFBC}") = "DC.Data", "0-Core\DC.Data\DC.Data.csproj", "{6F705257-16A1-4445-A163-A837BC0E7E3F}"
EndProject
Project("{FAE04EC0-301F-11D3-BF4B-00C04F79EFBC}") = "DC.Repository.Test", "3-Test\DC.Repository.Test\DC.Repository.Test.csproj", "{FAA4B3F7-0ADF-4605-A49C-CC49B668D63D}"
EndProject
Project("{FAE04EC0-301F-11D3-BF4B-00C04F79EFBC}") = "DC.Web", "2-Client\DC.Web\DC.Web.csproj", "{6F90D932-A124-4341-AD86-06B74A88B85D}"
EndProject
Project("{FAE04EC0-301F-11D3-BF4B-00C04F79EFBC}") = "DC.DAL", "0-Core\DC.DAL\DC.DAL.csproj", "{B3FF57C0-54FD-4A10-B8E2-7FE1738F8138}"
EndProject
Project("{FAE04EC0-301F-11D3-BF4B-00C04F79EFBC}") = "DC.Domain.Test", "DC.Domain.Test\DC.Domain.Test.csproj", "{C78083E9-7422-4923-A5F1-6C8D912E1935}"
EndProject
Project("{FAE04EC0-301F-11D3-BF4B-00C04F79EFBC}") = "DC.Service.Test", "3-Test\DC.Service.Test\DC.Service.Test.csproj", "{9BDB0B4A-BBB5-46C3-A849-F5FEB2B95A89}"
EndProject
Global
	GlobalSection(SolutionConfigurationPlatforms) = preSolution
		Debug|Any CPU = Debug|Any CPU
		Release|Any CPU = Release|Any CPU
	EndGlobalSection
	GlobalSection(ProjectConfigurationPlatforms) = postSolution
		{0AA62C49-BC3C-41CD-824F-9DC57E8CC0FA}.Debug|Any CPU.ActiveCfg = Debug|Any CPU
		{0AA62C49-BC3C-41CD-824F-9DC57E8CC0FA}.Debug|Any CPU.Build.0 = Debug|Any CPU
		{0AA62C49-BC3C-41CD-824F-9DC57E8CC0FA}.Release|Any CPU.ActiveCfg = Release|Any CPU
		{0AA62C49-BC3C-41CD-824F-9DC57E8CC0FA}.Release|Any CPU.Build.0 = Release|Any CPU
		{63F5466C-CCCB-4AAB-AA8A-335E00D17D68}.Debug|Any CPU.ActiveCfg = Debug|Any CPU
		{63F5466C-CCCB-4AAB-AA8A-335E00D17D68}.Debug|Any CPU.Build.0 = Debug|Any CPU
		{63F5466C-CCCB-4AAB-AA8A-335E00D17D68}.Release|Any CPU.ActiveCfg = Release|Any CPU
		{63F5466C-CCCB-4AAB-AA8A-335E00D17D68}.Release|Any CPU.Build.0 = Release|Any CPU
		{EF2E3F81-6536-49B9-B2B9-62EA17C89E6C}.Debug|Any CPU.ActiveCfg = Debug|Any CPU
		{EF2E3F81-6536-49B9-B2B9-62EA17C89E6C}.Debug|Any CPU.Build.0 = Debug|Any CPU
		{EF2E3F81-6536-49B9-B2B9-62EA17C89E6C}.Release|Any CPU.ActiveCfg = Release|Any CPU
		{EF2E3F81-6536-49B9-B2B9-62EA17C89E6C}.Release|Any CPU.Build.0 = Release|Any CPU
		{755C1350-7145-4FC0-892D-A3D6A78BE1CD}.Debug|Any CPU.ActiveCfg = Debug|Any CPU
		{755C1350-7145-4FC0-892D-A3D6A78BE1CD}.Debug|Any CPU.Build.0 = Debug|Any CPU
		{755C1350-7145-4FC0-892D-A3D6A78BE1CD}.Release|Any CPU.ActiveCfg = Release|Any CPU
		{755C1350-7145-4FC0-892D-A3D6A78BE1CD}.Release|Any CPU.Build.0 = Release|Any CPU
		{6F705257-16A1-4445-A163-A837BC0E7E3F}.Debug|Any CPU.ActiveCfg = Debug|Any CPU
		{6F705257-16A1-4445-A163-A837BC0E7E3F}.Debug|Any CPU.Build.0 = Debug|Any CPU
		{6F705257-16A1-4445-A163-A837BC0E7E3F}.Release|Any CPU.ActiveCfg = Release|Any CPU
		{6F705257-16A1-4445-A163-A837BC0E7E3F}.Release|Any CPU.Build.0 = Release|Any CPU
		{FAA4B3F7-0ADF-4605-A49C-CC49B668D63D}.Debug|Any CPU.ActiveCfg = Debug|Any CPU
		{FAA4B3F7-0ADF-4605-A49C-CC49B668D63D}.Debug|Any CPU.Build.0 = Debug|Any CPU
		{FAA4B3F7-0ADF-4605-A49C-CC49B668D63D}.Release|Any CPU.ActiveCfg = Release|Any CPU
		{FAA4B3F7-0ADF-4605-A49C-CC49B668D63D}.Release|Any CPU.Build.0 = Release|Any CPU
		{6F90D932-A124-4341-AD86-06B74A88B85D}.Debug|Any CPU.ActiveCfg = Debug|Any CPU
		{6F90D932-A124-4341-AD86-06B74A88B85D}.Debug|Any CPU.Build.0 = Debug|Any CPU
		{6F90D932-A124-4341-AD86-06B74A88B85D}.Release|Any CPU.ActiveCfg = Release|Any CPU
		{6F90D932-A124-4341-AD86-06B74A88B85D}.Release|Any CPU.Build.0 = Release|Any CPU
		{B3FF57C0-54FD-4A10-B8E2-7FE1738F8138}.Debug|Any CPU.ActiveCfg = Debug|Any CPU
		{B3FF57C0-54FD-4A10-B8E2-7FE1738F8138}.Debug|Any CPU.Build.0 = Debug|Any CPU
		{B3FF57C0-54FD-4A10-B8E2-7FE1738F8138}.Release|Any CPU.ActiveCfg = Release|Any CPU
		{B3FF57C0-54FD-4A10-B8E2-7FE1738F8138}.Release|Any CPU.Build.0 = Release|Any CPU
		{C78083E9-7422-4923-A5F1-6C8D912E1935}.Debug|Any CPU.ActiveCfg = Debug|Any CPU
		{C78083E9-7422-4923-A5F1-6C8D912E1935}.Debug|Any CPU.Build.0 = Debug|Any CPU
		{C78083E9-7422-4923-A5F1-6C8D912E1935}.Release|Any CPU.ActiveCfg = Release|Any CPU
		{C78083E9-7422-4923-A5F1-6C8D912E1935}.Release|Any CPU.Build.0 = Release|Any CPU
		{9BDB0B4A-BBB5-46C3-A849-F5FEB2B95A89}.Debug|Any CPU.ActiveCfg = Debug|Any CPU
		{9BDB0B4A-BBB5-46C3-A849-F5FEB2B95A89}.Debug|Any CPU.Build.0 = Debug|Any CPU
		{9BDB0B4A-BBB5-46C3-A849-F5FEB2B95A89}.Release|Any CPU.ActiveCfg = Release|Any CPU
		{9BDB0B4A-BBB5-46C3-A849-F5FEB2B95A89}.Release|Any CPU.Build.0 = Release|Any CPU
	EndGlobalSection
	GlobalSection(SolutionProperties) = preSolution
		HideSolutionNode = FALSE
	EndGlobalSection
	GlobalSection(NestedProjects) = preSolution
		{0AA62C49-BC3C-41CD-824F-9DC57E8CC0FA} = {9D26DDAE-4384-4363-B087-4DFE3FBBE3A7}
		{63F5466C-CCCB-4AAB-AA8A-335E00D17D68} = {9D26DDAE-4384-4363-B087-4DFE3FBBE3A7}
		{EF2E3F81-6536-49B9-B2B9-62EA17C89E6C} = {9D26DDAE-4384-4363-B087-4DFE3FBBE3A7}
		{755C1350-7145-4FC0-892D-A3D6A78BE1CD} = {9D26DDAE-4384-4363-B087-4DFE3FBBE3A7}
		{6F705257-16A1-4445-A163-A837BC0E7E3F} = {9D26DDAE-4384-4363-B087-4DFE3FBBE3A7}
		{B3FF57C0-54FD-4A10-B8E2-7FE1738F8138} = {9D26DDAE-4384-4363-B087-4DFE3FBBE3A7}
		{6F90D932-A124-4341-AD86-06B74A88B85D} = {FE320B07-77C5-4711-A4EB-E8AC4E3BB2A3}
		{FAA4B3F7-0ADF-4605-A49C-CC49B668D63D} = {164F61C5-1033-4142-A60D-A8F592EBCE94}
		{C78083E9-7422-4923-A5F1-6C8D912E1935} = {164F61C5-1033-4142-A60D-A8F592EBCE94}
		{9BDB0B4A-BBB5-46C3-A849-F5FEB2B95A89} = {164F61C5-1033-4142-A60D-A8F592EBCE94}
	EndGlobalSection
EndGlobal
